
Microsoft Visual Studio Solution File, Format Version 12.00
# Visual Studio 15
VisualStudioVersion = 15.0.27004.2005
MinimumVisualStudioVersion = 10.0.40219.1
Project("{8BC9CEB8-8B4A-11D0-8D11-00A0C91BC942}") = "Reference", "Reference.vcxproj", "{E5EC528D-7077-4F53-ADEB-E09C142A1881}"
EndProject
Global
	GlobalSection(SolutionConfigurationPlatforms) = preSolution
		Debug|x64 = Debug|x64
		Debug|x86 = Debug|x86
		Release|x64 = Release|x64
		Release|x86 = Release|x86
	EndGlobalSection
	GlobalSection(ProjectConfigurationPlatforms) = postSolution
		{E5EC528D-7077-4F53-ADEB-E09C142A1881}.Debug|x64.ActiveCfg = Debug|x64
		{E5EC528D-7077-4F53-ADEB-E09C142A1881}.Debug|x64.Build.0 = Debug|x64
		{E5EC528D-7077-4F53-ADEB-E09C142A1881}.Debug|x86.ActiveCfg = Debug|Win32
		{E5EC528D-7077-4F53-ADEB-E09C142A1881}.Debug|x86.Build.0 = Debug|Win32
		{E5EC528D-7077-4F53-ADEB-E09C142A1881}.Release|x64.ActiveCfg = Release|x64
		{E5EC528D-7077-4F53-ADEB-E09C142A1881}.Release|x64.Build.0 = Release|x64
		{E5EC528D-7077-4F53-ADEB-E09C142A1881}.Release|x86.ActiveCfg = Release|Win32
		{E5EC528D-7077-4F53-ADEB-E09C142A1881}.Release|x86.Build.0 = Release|Win32
	EndGlobalSection
	GlobalSection(SolutionProperties) = preSolution
		HideSolutionNode = FALSE
	EndGlobalSection
	GlobalSection(ExtensibilityGlobals) = postSolution
		SolutionGuid = {E0343E00-2E84-4F93-B6AF-D118C15B66EE}
	EndGlobalSection
EndGlobal
